// !$*UTF8*$!
{
	archiveVersion = 1;
	classes = {
	};
	objectVersion = 56;
	objects = {

/* Begin PBXBuildFile section */
		B86A412A2A191A0A009966EC /* AppDelegate.swift in Sources */ = {isa = PBXBuildFile; fileRef = B86A41292A191A0A009966EC /* AppDelegate.swift */; };
		B86A412C2A191A0A009966EC /* SceneDelegate.swift in Sources */ = {isa = PBXBuildFile; fileRef = B86A412B2A191A0A009966EC /* SceneDelegate.swift */; };
		B86A412E2A191A0A009966EC /* ViewController.swift in Sources */ = {isa = PBXBuildFile; fileRef = B86A412D2A191A0A009966EC /* ViewController.swift */; };
		B86A41312A191A0A009966EC /* Main.storyboard in Resources */ = {isa = PBXBuildFile; fileRef = B86A412F2A191A0A009966EC /* Main.storyboard */; };
		B86A41342A191A0A009966EC /* SportsApp.xcdatamodeld in Sources */ = {isa = PBXBuildFile; fileRef = B86A41322A191A0A009966EC /* SportsApp.xcdatamodeld */; };
		B86A41362A191A0B009966EC /* Assets.xcassets in Resources */ = {isa = PBXBuildFile; fileRef = B86A41352A191A0B009966EC /* Assets.xcassets */; };
		B86A41392A191A0B009966EC /* LaunchScreen.storyboard in Resources */ = {isa = PBXBuildFile; fileRef = B86A41372A191A0B009966EC /* LaunchScreen.storyboard */; };
		B86A41442A191A0B009966EC /* SportsAppTests.swift in Sources */ = {isa = PBXBuildFile; fileRef = B86A41432A191A0B009966EC /* SportsAppTests.swift */; };
		B86A414E2A191A0B009966EC /* SportsAppUITests.swift in Sources */ = {isa = PBXBuildFile; fileRef = B86A414D2A191A0B009966EC /* SportsAppUITests.swift */; };
		B86A41502A191A0B009966EC /* SportsAppUITestsLaunchTests.swift in Sources */ = {isa = PBXBuildFile; fileRef = B86A414F2A191A0B009966EC /* SportsAppUITestsLaunchTests.swift */; };
		B86A415D2A192A9E009966EC /* HomeCollectionViewCell.swift in Sources */ = {isa = PBXBuildFile; fileRef = B86A415C2A192A9E009966EC /* HomeCollectionViewCell.swift */; };
/* End PBXBuildFile section */

/* Begin PBXContainerItemProxy section */
		B86A41402A191A0B009966EC /* PBXContainerItemProxy */ = {
			isa = PBXContainerItemProxy;
			containerPortal = B86A411E2A191A0A009966EC /* Project object */;
			proxyType = 1;
			remoteGlobalIDString = B86A41252A191A0A009966EC;
			remoteInfo = SportsApp;
		};
		B86A414A2A191A0B009966EC /* PBXContainerItemProxy */ = {
			isa = PBXContainerItemProxy;
			containerPortal = B86A411E2A191A0A009966EC /* Project object */;
			proxyType = 1;
			remoteGlobalIDString = B86A41252A191A0A009966EC;
			remoteInfo = SportsApp;
		};
/* End PBXContainerItemProxy section */

/* Begin PBXFileReference section */
		B86A41262A191A0A009966EC /* SportsApp.app */ = {isa = PBXFileReference; explicitFileType = wrapper.application; includeInIndex = 0; path = SportsApp.app; sourceTree = BUILT_PRODUCTS_DIR; };
		B86A41292A191A0A009966EC /* AppDelegate.swift */ = {isa = PBXFileReference; lastKnownFileType = sourcecode.swift; path = AppDelegate.swift; sourceTree = "<group>"; };
		B86A412B2A191A0A009966EC /* SceneDelegate.swift */ = {isa = PBXFileReference; lastKnownFileType = sourcecode.swift; path = SceneDelegate.swift; sourceTree = "<group>"; };
		B86A412D2A191A0A009966EC /* ViewController.swift */ = {isa = PBXFileReference; lastKnownFileType = sourcecode.swift; path = ViewController.swift; sourceTree = "<group>"; };
		B86A41302A191A0A009966EC /* Base */ = {isa = PBXFileReference; lastKnownFileType = file.storyboard; name = Base; path = Base.lproj/Main.storyboard; sourceTree = "<group>"; };
		B86A41332A191A0A009966EC /* SportsApp.xcdatamodel */ = {isa = PBXFileReference; lastKnownFileType = wrapper.xcdatamodel; path = SportsApp.xcdatamodel; sourceTree = "<group>"; };
		B86A41352A191A0B009966EC /* Assets.xcassets */ = {isa = PBXFileReference; lastKnownFileType = folder.assetcatalog; path = Assets.xcassets; sourceTree = "<group>"; };
		B86A41382A191A0B009966EC /* Base */ = {isa = PBXFileReference; lastKnownFileType = file.storyboard; name = Base; path = Base.lproj/LaunchScreen.storyboard; sourceTree = "<group>"; };
		B86A413A2A191A0B009966EC /* Info.plist */ = {isa = PBXFileReference; lastKnownFileType = text.plist.xml; path = Info.plist; sourceTree = "<group>"; };
		B86A413F2A191A0B009966EC /* SportsAppTests.xctest */ = {isa = PBXFileReference; explicitFileType = wrapper.cfbundle; includeInIndex = 0; path = SportsAppTests.xctest; sourceTree = BUILT_PRODUCTS_DIR; };
		B86A41432A191A0B009966EC /* SportsAppTests.swift */ = {isa = PBXFileReference; lastKnownFileType = sourcecode.swift; path = SportsAppTests.swift; sourceTree = "<group>"; };
		B86A41492A191A0B009966EC /* SportsAppUITests.xctest */ = {isa = PBXFileReference; explicitFileType = wrapper.cfbundle; includeInIndex = 0; path = SportsAppUITests.xctest; sourceTree = BUILT_PRODUCTS_DIR; };
		B86A414D2A191A0B009966EC /* SportsAppUITests.swift */ = {isa = PBXFileReference; lastKnownFileType = sourcecode.swift; path = SportsAppUITests.swift; sourceTree = "<group>"; };
		B86A414F2A191A0B009966EC /* SportsAppUITestsLaunchTests.swift */ = {isa = PBXFileReference; lastKnownFileType = sourcecode.swift; path = SportsAppUITestsLaunchTests.swift; sourceTree = "<group>"; };
		B86A415C2A192A9E009966EC /* HomeCollectionViewCell.swift */ = {isa = PBXFileReference; lastKnownFileType = sourcecode.swift; path = HomeCollectionViewCell.swift; sourceTree = "<group>"; };
/* End PBXFileReference section */

/* Begin PBXFrameworksBuildPhase section */
		B86A41232A191A0A009966EC /* Frameworks */ = {
			isa = PBXFrameworksBuildPhase;
			buildActionMask = 2147483647;
			files = (
			);
			runOnlyForDeploymentPostprocessing = 0;
		};
		B86A413C2A191A0B009966EC /* Frameworks */ = {
			isa = PBXFrameworksBuildPhase;
			buildActionMask = 2147483647;
			files = (
			);
			runOnlyForDeploymentPostprocessing = 0;
		};
		B86A41462A191A0B009966EC /* Frameworks */ = {
			isa = PBXFrameworksBuildPhase;
			buildActionMask = 2147483647;
			files = (
			);
			runOnlyForDeploymentPostprocessing = 0;
		};
/* End PBXFrameworksBuildPhase section */

/* Begin PBXGroup section */
		B86A411D2A191A0A009966EC = {
			isa = PBXGroup;
			children = (
				B86A41282A191A0A009966EC /* SportsApp */,
				B86A41422A191A0B009966EC /* SportsAppTests */,
				B86A414C2A191A0B009966EC /* SportsAppUITests */,
				B86A41272A191A0A009966EC /* Products */,
			);
			sourceTree = "<group>";
		};
		B86A41272A191A0A009966EC /* Products */ = {
			isa = PBXGroup;
			children = (
				B86A41262A191A0A009966EC /* SportsApp.app */,
				B86A413F2A191A0B009966EC /* SportsAppTests.xctest */,
				B86A41492A191A0B009966EC /* SportsAppUITests.xctest */,
			);
			name = Products;
			sourceTree = "<group>";
		};
		B86A41282A191A0A009966EC /* SportsApp */ = {
			isa = PBXGroup;
			children = (
				B86A41292A191A0A009966EC /* AppDelegate.swift */,
				B86A412B2A191A0A009966EC /* SceneDelegate.swift */,
				B86A412D2A191A0A009966EC /* ViewController.swift */,
				B86A412F2A191A0A009966EC /* Main.storyboard */,
				B86A41352A191A0B009966EC /* Assets.xcassets */,
				B86A41372A191A0B009966EC /* LaunchScreen.storyboard */,
				B86A413A2A191A0B009966EC /* Info.plist */,
				B86A41322A191A0A009966EC /* SportsApp.xcdatamodeld */,
				B86A415C2A192A9E009966EC /* HomeCollectionViewCell.swift */,
			);
			path = SportsApp;
			sourceTree = "<group>";
		};
		B86A41422A191A0B009966EC /* SportsAppTests */ = {
			isa = PBXGroup;
			children = (
				B86A41432A191A0B009966EC /* SportsAppTests.swift */,
			);
			path = SportsAppTests;
			sourceTree = "<group>";
		};
		B86A414C2A191A0B009966EC /* SportsAppUITests */ = {
			isa = PBXGroup;
			children = (
				B86A414D2A191A0B009966EC /* SportsAppUITests.swift */,
				B86A414F2A191A0B009966EC /* SportsAppUITestsLaunchTests.swift */,
			);
			path = SportsAppUITests;
			sourceTree = "<group>";
		};
/* End PBXGroup section */

/* Begin PBXNativeTarget section */
		B86A41252A191A0A009966EC /* SportsApp */ = {
			isa = PBXNativeTarget;
			buildConfigurationList = B86A41532A191A0B009966EC /* Build configuration list for PBXNativeTarget "SportsApp" */;
			buildPhases = (
				B86A41222A191A0A009966EC /* Sources */,
				B86A41232A191A0A009966EC /* Frameworks */,
				B86A41242A191A0A009966EC /* Resources */,
			);
			buildRules = (
			);
			dependencies = (
			);
			name = SportsApp;
			productName = SportsApp;
			productReference = B86A41262A191A0A009966EC /* SportsApp.app */;
			productType = "com.apple.product-type.application";
		};
		B86A413E2A191A0B009966EC /* SportsAppTests */ = {
			isa = PBXNativeTarget;
			buildConfigurationList = B86A41562A191A0B009966EC /* Build configuration list for PBXNativeTarget "SportsAppTests" */;
			buildPhases = (
				B86A413B2A191A0B009966EC /* Sources */,
				B86A413C2A191A0B009966EC /* Frameworks */,
				B86A413D2A191A0B009966EC /* Resources */,
			);
			buildRules = (
			);
			dependencies = (
				B86A41412A191A0B009966EC /* PBXTargetDependency */,
			);
			name = SportsAppTests;
			productName = SportsAppTests;
			productReference = B86A413F2A191A0B009966EC /* SportsAppTests.xctest */;
			productType = "com.apple.product-type.bundle.unit-test";
		};
		B86A41482A191A0B009966EC /* SportsAppUITests */ = {
			isa = PBXNativeTarget;
			buildConfigurationList = B86A41592A191A0B009966EC /* Build configuration list for PBXNativeTarget "SportsAppUITests" */;
			buildPhases = (
				B86A41452A191A0B009966EC /* Sources */,
				B86A41462A191A0B009966EC /* Frameworks */,
				B86A41472A191A0B009966EC /* Resources */,
			);
			buildRules = (
			);
			dependencies = (
				B86A414B2A191A0B009966EC /* PBXTargetDependency */,
			);
			name = SportsAppUITests;
			productName = SportsAppUITests;
			productReference = B86A41492A191A0B009966EC /* SportsAppUITests.xctest */;
			productType = "com.apple.product-type.bundle.ui-testing";
		};
/* End PBXNativeTarget section */

/* Begin PBXProject section */
		B86A411E2A191A0A009966EC /* Project object */ = {
			isa = PBXProject;
			attributes = {
				BuildIndependentTargetsInParallel = 1;
				LastSwiftUpdateCheck = 1410;
				LastUpgradeCheck = 1410;
				TargetAttributes = {
					B86A41252A191A0A009966EC = {
						CreatedOnToolsVersion = 14.1;
					};
					B86A413E2A191A0B009966EC = {
						CreatedOnToolsVersion = 14.1;
						TestTargetID = B86A41252A191A0A009966EC;
					};
					B86A41482A191A0B009966EC = {
						CreatedOnToolsVersion = 14.1;
						TestTargetID = B86A41252A191A0A009966EC;
					};
				};
			};
			buildConfigurationList = B86A41212A191A0A009966EC /* Build configuration list for PBXProject "SportsApp" */;
			compatibilityVersion = "Xcode 14.0";
			developmentRegion = en;
			hasScannedForEncodings = 0;
			knownRegions = (
				en,
				Base,
			);
			mainGroup = B86A411D2A191A0A009966EC;
			productRefGroup = B86A41272A191A0A009966EC /* Products */;
			projectDirPath = "";
			projectRoot = "";
			targets = (
				B86A41252A191A0A009966EC /* SportsApp */,
				B86A413E2A191A0B009966EC /* SportsAppTests */,
				B86A41482A191A0B009966EC /* SportsAppUITests */,
			);
		};
/* End PBXProject section */

/* Begin PBXResourcesBuildPhase section */
		B86A41242A191A0A009966EC /* Resources */ = {
			isa = PBXResourcesBuildPhase;
			buildActionMask = 2147483647;
			files = (
				B86A41392A191A0B009966EC /* LaunchScreen.storyboard in Resources */,
				B86A41362A191A0B009966EC /* Assets.xcassets in Resources */,
				B86A41312A191A0A009966EC /* Main.storyboard in Resources */,
			);
			runOnlyForDeploymentPostprocessing = 0;
		};
		B86A413D2A191A0B009966EC /* Resources */ = {
			isa = PBXResourcesBuildPhase;
			buildActionMask = 2147483647;
			files = (
			);
			runOnlyForDeploymentPostprocessing = 0;
		};
		B86A41472A191A0B009966EC /* Resources */ = {
			isa = PBXResourcesBuildPhase;
			buildActionMask = 2147483647;
			files = (
			);
			runOnlyForDeploymentPostprocessing = 0;
		};
/* End PBXResourcesBuildPhase section */

/* Begin PBXSourcesBuildPhase section */
		B86A41222A191A0A009966EC /* Sources */ = {
			isa = PBXSourcesBuildPhase;
			buildActionMask = 2147483647;
			files = (
				B86A415D2A192A9E009966EC /* HomeCollectionViewCell.swift in Sources */,
				B86A412E2A191A0A009966EC /* ViewController.swift in Sources */,
				B86A412A2A191A0A009966EC /* AppDelegate.swift in Sources */,
				B86A41342A191A0A009966EC /* SportsApp.xcdatamodeld in Sources */,
				B86A412C2A191A0A009966EC /* SceneDelegate.swift in Sources */,
			);
			runOnlyForDeploymentPostprocessing = 0;
		};
		B86A413B2A191A0B009966EC /* Sources */ = {
			isa = PBXSourcesBuildPhase;
			buildActionMask = 2147483647;
			files = (
				B86A41442A191A0B009966EC /* SportsAppTests.swift in Sources */,
			);
			runOnlyForDeploymentPostprocessing = 0;
		};
		B86A41452A191A0B009966EC /* Sources */ = {
			isa = PBXSourcesBuildPhase;
			buildActionMask = 2147483647;
			files = (
				B86A414E2A191A0B009966EC /* SportsAppUITests.swift in Sources */,
				B86A41502A191A0B009966EC /* SportsAppUITestsLaunchTests.swift in Sources */,
			);
			runOnlyForDeploymentPostprocessing = 0;
		};
/* End PBXSourcesBuildPhase section */

/* Begin PBXTargetDependency section */
		B86A41412A191A0B009966EC /* PBXTargetDependency */ = {
			isa = PBXTargetDependency;
			target = B86A41252A191A0A009966EC /* SportsApp */;
			targetProxy = B86A41402A191A0B009966EC /* PBXContainerItemProxy */;
		};
		B86A414B2A191A0B009966EC /* PBXTargetDependency */ = {
			isa = PBXTargetDependency;
			target = B86A41252A191A0A009966EC /* SportsApp */;
			targetProxy = B86A414A2A191A0B009966EC /* PBXContainerItemProxy */;
		};
/* End PBXTargetDependency section */

/* Begin PBXVariantGroup section */
		B86A412F2A191A0A009966EC /* Main.storyboard */ = {
			isa = PBXVariantGroup;
			children = (
				B86A41302A191A0A009966EC /* Base */,
			);
			name = Main.storyboard;
			sourceTree = "<group>";
		};
		B86A41372A191A0B009966EC /* LaunchScreen.storyboard */ = {
			isa = PBXVariantGroup;
			children = (
				B86A41382A191A0B009966EC /* Base */,
			);
			name = LaunchScreen.storyboard;
			sourceTree = "<group>";
		};
/* End PBXVariantGroup section */

/* Begin XCBuildConfiguration section */
		B86A41512A191A0B009966EC /* Debug */ = {
			isa = XCBuildConfiguration;
			buildSettings = {
				ALWAYS_SEARCH_USER_PATHS = NO;
				CLANG_ANALYZER_NONNULL = YES;
				CLANG_ANALYZER_NUMBER_OBJECT_CONVERSION = YES_AGGRESSIVE;
				CLANG_CXX_LANGUAGE_STANDARD = "gnu++20";
				CLANG_ENABLE_MODULES = YES;
				CLANG_ENABLE_OBJC_ARC = YES;
				CLANG_ENABLE_OBJC_WEAK = YES;
				CLANG_WARN_BLOCK_CAPTURE_AUTORELEASING = YES;
				CLANG_WARN_BOOL_CONVERSION = YES;
				CLANG_WARN_COMMA = YES;
				CLANG_WARN_CONSTANT_CONVERSION = YES;
				CLANG_WARN_DEPRECATED_OBJC_IMPLEMENTATIONS = YES;
				CLANG_WARN_DIRECT_OBJC_ISA_USAGE = YES_ERROR;
				CLANG_WARN_DOCUMENTATION_COMMENTS = YES;
				CLANG_WARN_EMPTY_BODY = YES;
				CLANG_WARN_ENUM_CONVERSION = YES;
				CLANG_WARN_INFINITE_RECURSION = YES;
				CLANG_WARN_INT_CONVERSION = YES;
				CLANG_WARN_NON_LITERAL_NULL_CONVERSION = YES;
				CLANG_WARN_OBJC_IMPLICIT_RETAIN_SELF = YES;
				CLANG_WARN_OBJC_LITERAL_CONVERSION = YES;
				CLANG_WARN_OBJC_ROOT_CLASS = YES_ERROR;
				CLANG_WARN_QUOTED_INCLUDE_IN_FRAMEWORK_HEADER = YES;
				CLANG_WARN_RANGE_LOOP_ANALYSIS = YES;
				CLANG_WARN_STRICT_PROTOTYPES = YES;
				CLANG_WARN_SUSPICIOUS_MOVE = YES;
				CLANG_WARN_UNGUARDED_AVAILABILITY = YES_AGGRESSIVE;
				CLANG_WARN_UNREACHABLE_CODE = YES;
				CLANG_WARN__DUPLICATE_METHOD_MATCH = YES;
				COPY_PHASE_STRIP = NO;
				DEBUG_INFORMATION_FORMAT = dwarf;
				ENABLE_STRICT_OBJC_MSGSEND = YES;
				ENABLE_TESTABILITY = YES;
				GCC_C_LANGUAGE_STANDARD = gnu11;
				GCC_DYNAMIC_NO_PIC = NO;
				GCC_NO_COMMON_BLOCKS = YES;
				GCC_OPTIMIZATION_LEVEL = 0;
				GCC_PREPROCESSOR_DEFINITIONS = (
					"DEBUG=1",
					"$(inherited)",
				);
				GCC_WARN_64_TO_32_BIT_CONVERSION = YES;
				GCC_WARN_ABOUT_RETURN_TYPE = YES_ERROR;
				GCC_WARN_UNDECLARED_SELECTOR = YES;
				GCC_WARN_UNINITIALIZED_AUTOS = YES_AGGRESSIVE;
				GCC_WARN_UNUSED_FUNCTION = YES;
				GCC_WARN_UNUSED_VARIABLE = YES;
				IPHONEOS_DEPLOYMENT_TARGET = 16.1;
				MTL_ENABLE_DEBUG_INFO = INCLUDE_SOURCE;
				MTL_FAST_MATH = YES;
				ONLY_ACTIVE_ARCH = YES;
				SDKROOT = iphoneos;
				SWIFT_ACTIVE_COMPILATION_CONDITIONS = DEBUG;
				SWIFT_OPTIMIZATION_LEVEL = "-Onone";
			};
			name = Debug;
		};
		B86A41522A191A0B009966EC /* Release */ = {
			isa = XCBuildConfiguration;
			buildSettings = {
				ALWAYS_SEARCH_USER_PATHS = NO;
				CLANG_ANALYZER_NONNULL = YES;
				CLANG_ANALYZER_NUMBER_OBJECT_CONVERSION = YES_AGGRESSIVE;
				CLANG_CXX_LANGUAGE_STANDARD = "gnu++20";
				CLANG_ENABLE_MODULES = YES;
				CLANG_ENABLE_OBJC_ARC = YES;
				CLANG_ENABLE_OBJC_WEAK = YES;
				CLANG_WARN_BLOCK_CAPTURE_AUTORELEASING = YES;
				CLANG_WARN_BOOL_CONVERSION = YES;
				CLANG_WARN_COMMA = YES;
				CLANG_WARN_CONSTANT_CONVERSION = YES;
				CLANG_WARN_DEPRECATED_OBJC_IMPLEMENTATIONS = YES;
				CLANG_WARN_DIRECT_OBJC_ISA_USAGE = YES_ERROR;
				CLANG_WARN_DOCUMENTATION_COMMENTS = YES;
				CLANG_WARN_EMPTY_BODY = YES;
				CLANG_WARN_ENUM_CONVERSION = YES;
				CLANG_WARN_INFINITE_RECURSION = YES;
				CLANG_WARN_INT_CONVERSION = YES;
				CLANG_WARN_NON_LITERAL_NULL_CONVERSION = YES;
				CLANG_WARN_OBJC_IMPLICIT_RETAIN_SELF = YES;
				CLANG_WARN_OBJC_LITERAL_CONVERSION = YES;
				CLANG_WARN_OBJC_ROOT_CLASS = YES_ERROR;
				CLANG_WARN_QUOTED_INCLUDE_IN_FRAMEWORK_HEADER = YES;
				CLANG_WARN_RANGE_LOOP_ANALYSIS = YES;
				CLANG_WARN_STRICT_PROTOTYPES = YES;
				CLANG_WARN_SUSPICIOUS_MOVE = YES;
				CLANG_WARN_UNGUARDED_AVAILABILITY = YES_AGGRESSIVE;
				CLANG_WARN_UNREACHABLE_CODE = YES;
				CLANG_WARN__DUPLICATE_METHOD_MATCH = YES;
				COPY_PHASE_STRIP = NO;
				DEBUG_INFORMATION_FORMAT = "dwarf-with-dsym";
				ENABLE_NS_ASSERTIONS = NO;
				ENABLE_STRICT_OBJC_MSGSEND = YES;
				GCC_C_LANGUAGE_STANDARD = gnu11;
				GCC_NO_COMMON_BLOCKS = YES;
				GCC_WARN_64_TO_32_BIT_CONVERSION = YES;
				GCC_WARN_ABOUT_RETURN_TYPE = YES_ERROR;
				GCC_WARN_UNDECLARED_SELECTOR = YES;
				GCC_WARN_UNINITIALIZED_AUTOS = YES_AGGRESSIVE;
				GCC_WARN_UNUSED_FUNCTION = YES;
				GCC_WARN_UNUSED_VARIABLE = YES;
				IPHONEOS_DEPLOYMENT_TARGET = 16.1;
				MTL_ENABLE_DEBUG_INFO = NO;
				MTL_FAST_MATH = YES;
				SDKROOT = iphoneos;
				SWIFT_COMPILATION_MODE = wholemodule;
				SWIFT_OPTIMIZATION_LEVEL = "-O";
				VALIDATE_PRODUCT = YES;
			};
			name = Release;
		};
		B86A41542A191A0B009966EC /* Debug */ = {
			isa = XCBuildConfiguration;
			buildSettings = {
				ASSETCATALOG_COMPILER_APPICON_NAME = AppIcon;
				ASSETCATALOG_COMPILER_GLOBAL_ACCENT_COLOR_NAME = AccentColor;
				CODE_SIGN_STYLE = Automatic;
				CURRENT_PROJECT_VERSION = 1;
				GENERATE_INFOPLIST_FILE = YES;
				INFOPLIST_FILE = SportsApp/Info.plist;
				INFOPLIST_KEY_UIApplicationSupportsIndirectInputEvents = YES;
				INFOPLIST_KEY_UILaunchStoryboardName = LaunchScreen;
				INFOPLIST_KEY_UIMainStoryboardFile = Main;
				INFOPLIST_KEY_UISupportedInterfaceOrientations_iPad = "UIInterfaceOrientationPortrait UIInterfaceOrientationPortraitUpsideDown UIInterfaceOrientationLandscapeLeft UIInterfaceOrientationLandscapeRight";
				INFOPLIST_KEY_UISupportedInterfaceOrientations_iPhone = "UIInterfaceOrientationPortrait UIInterfaceOrientationLandscapeLeft UIInterfaceOrientationLandscapeRight";
				LD_RUNPATH_SEARCH_PATHS = (
					"$(inherited)",
					"@executable_path/Frameworks",
				);
				MARKETING_VERSION = 1.0;
				PRODUCT_BUNDLE_IDENTIFIER = abdullah.SportsApp;
				PRODUCT_NAME = "$(TARGET_NAME)";
				SWIFT_EMIT_LOC_STRINGS = YES;
				SWIFT_VERSION = 5.0;
				TARGETED_DEVICE_FAMILY = "1,2";
			};
			name = Debug;
		};
		B86A41552A191A0B009966EC /* Release */ = {
			isa = XCBuildConfiguration;
			buildSettings = {
				ASSETCATALOG_COMPILER_APPICON_NAME = AppIcon;
				ASSETCATALOG_COMPILER_GLOBAL_ACCENT_COLOR_NAME = AccentColor;
				CODE_SIGN_STYLE = Automatic;
				CURRENT_PROJECT_VERSION = 1;
				GENERATE_INFOPLIST_FILE = YES;
				INFOPLIST_FILE = SportsApp/Info.plist;
				INFOPLIST_KEY_UIApplicationSupportsIndirectInputEvents = YES;
				INFOPLIST_KEY_UILaunchStoryboardName = LaunchScreen;
				INFOPLIST_KEY_UIMainStoryboardFile = Main;
				INFOPLIST_KEY_UISupportedInterfaceOrientations_iPad = "UIInterfaceOrientationPortrait UIInterfaceOrientationPortraitUpsideDown UIInterfaceOrientationLandscapeLeft UIInterfaceOrientationLandscapeRight";
				INFOPLIST_KEY_UISupportedInterfaceOrientations_iPhone = "UIInterfaceOrientationPortrait UIInterfaceOrientationLandscapeLeft UIInterfaceOrientationLandscapeRight";
				LD_RUNPATH_SEARCH_PATHS = (
					"$(inherited)",
					"@executable_path/Frameworks",
				);
				MARKETING_VERSION = 1.0;
				PRODUCT_BUNDLE_IDENTIFIER = abdullah.SportsApp;
				PRODUCT_NAME = "$(TARGET_NAME)";
				SWIFT_EMIT_LOC_STRINGS = YES;
				SWIFT_VERSION = 5.0;
				TARGETED_DEVICE_FAMILY = "1,2";
			};
			name = Release;
		};
		B86A41572A191A0B009966EC /* Debug */ = {
			isa = XCBuildConfiguration;
			buildSettings = {
				ALWAYS_EMBED_SWIFT_STANDARD_LIBRARIES = YES;
				BUNDLE_LOADER = "$(TEST_HOST)";
				CODE_SIGN_STYLE = Automatic;
				CURRENT_PROJECT_VERSION = 1;
				GENERATE_INFOPLIST_FILE = YES;
				IPHONEOS_DEPLOYMENT_TARGET = 16.1;
				MARKETING_VERSION = 1.0;
				PRODUCT_BUNDLE_IDENTIFIER = abdullah.SportsAppTests;
				PRODUCT_NAME = "$(TARGET_NAME)";
				SWIFT_EMIT_LOC_STRINGS = NO;
				SWIFT_VERSION = 5.0;
				TARGETED_DEVICE_FAMILY = "1,2";
				TEST_HOST = "$(BUILT_PRODUCTS_DIR)/SportsApp.app/$(BUNDLE_EXECUTABLE_FOLDER_PATH)/SportsApp";
			};
			name = Debug;
		};
		B86A41582A191A0B009966EC /* Release */ = {
			isa = XCBuildConfiguration;
			buildSettings = {
				ALWAYS_EMBED_SWIFT_STANDARD_LIBRARIES = YES;
				BUNDLE_LOADER = "$(TEST_HOST)";
				CODE_SIGN_STYLE = Automatic;
				CURRENT_PROJECT_VERSION = 1;
				GENERATE_INFOPLIST_FILE = YES;
				IPHONEOS_DEPLOYMENT_TARGET = 16.1;
				MARKETING_VERSION = 1.0;
				PRODUCT_BUNDLE_IDENTIFIER = abdullah.SportsAppTests;
				PRODUCT_NAME = "$(TARGET_NAME)";
				SWIFT_EMIT_LOC_STRINGS = NO;
				SWIFT_VERSION = 5.0;
				TARGETED_DEVICE_FAMILY = "1,2";
				TEST_HOST = "$(BUILT_PRODUCTS_DIR)/SportsApp.app/$(BUNDLE_EXECUTABLE_FOLDER_PATH)/SportsApp";
			};
			name = Release;
		};
		B86A415A2A191A0B009966EC /* Debug */ = {
			isa = XCBuildConfiguration;
			buildSettings = {
				ALWAYS_EMBED_SWIFT_STANDARD_LIBRARIES = YES;
				CODE_SIGN_STYLE = Automatic;
				CURRENT_PROJECT_VERSION = 1;
				GENERATE_INFOPLIST_FILE = YES;
				MARKETING_VERSION = 1.0;
				PRODUCT_BUNDLE_IDENTIFIER = abdullah.SportsAppUITests;
				PRODUCT_NAME = "$(TARGET_NAME)";
				SWIFT_EMIT_LOC_STRINGS = NO;
				SWIFT_VERSION = 5.0;
				TARGETED_DEVICE_FAMILY = "1,2";
				TEST_TARGET_NAME = SportsApp;
			};
			name = Debug;
		};
		B86A415B2A191A0B009966EC /* Release */ = {
			isa = XCBuildConfiguration;
			buildSettings = {
				ALWAYS_EMBED_SWIFT_STANDARD_LIBRARIES = YES;
				CODE_SIGN_STYLE = Automatic;
				CURRENT_PROJECT_VERSION = 1;
				GENERATE_INFOPLIST_FILE = YES;
				MARKETING_VERSION = 1.0;
				PRODUCT_BUNDLE_IDENTIFIER = abdullah.SportsAppUITests;
				PRODUCT_NAME = "$(TARGET_NAME)";
				SWIFT_EMIT_LOC_STRINGS = NO;
				SWIFT_VERSION = 5.0;
				TARGETED_DEVICE_FAMILY = "1,2";
				TEST_TARGET_NAME = SportsApp;
			};
			name = Release;
		};
/* End XCBuildConfiguration section */

/* Begin XCConfigurationList section */
		B86A41212A191A0A009966EC /* Build configuration list for PBXProject "SportsApp" */ = {
			isa = XCConfigurationList;
			buildConfigurations = (
				B86A41512A191A0B009966EC /* Debug */,
				B86A41522A191A0B009966EC /* Release */,
			);
			defaultConfigurationIsVisible = 0;
			defaultConfigurationName = Release;
		};
		B86A41532A191A0B009966EC /* Build configuration list for PBXNativeTarget "SportsApp" */ = {
			isa = XCConfigurationList;
			buildConfigurations = (
				B86A41542A191A0B009966EC /* Debug */,
				B86A41552A191A0B009966EC /* Release */,
			);
			defaultConfigurationIsVisible = 0;
			defaultConfigurationName = Release;
		};
		B86A41562A191A0B009966EC /* Build configuration list for PBXNativeTarget "SportsAppTests" */ = {
			isa = XCConfigurationList;
			buildConfigurations = (
				B86A41572A191A0B009966EC /* Debug */,
				B86A41582A191A0B009966EC /* Release */,
			);
			defaultConfigurationIsVisible = 0;
			defaultConfigurationName = Release;
		};
		B86A41592A191A0B009966EC /* Build configuration list for PBXNativeTarget "SportsAppUITests" */ = {
			isa = XCConfigurationList;
			buildConfigurations = (
				B86A415A2A191A0B009966EC /* Debug */,
				B86A415B2A191A0B009966EC /* Release */,
			);
			defaultConfigurationIsVisible = 0;
			defaultConfigurationName = Release;
		};
/* End XCConfigurationList section */

/* Begin XCVersionGroup section */
		B86A41322A191A0A009966EC /* SportsApp.xcdatamodeld */ = {
			isa = XCVersionGroup;
			children = (
				B86A41332A191A0A009966EC /* SportsApp.xcdatamodel */,
			);
			currentVersion = B86A41332A191A0A009966EC /* SportsApp.xcdatamodel */;
			path = SportsApp.xcdatamodeld;
			sourceTree = "<group>";
			versionGroupType = wrapper.xcdatamodel;
		};
/* End XCVersionGroup section */
	};
	rootObject = B86A411E2A191A0A009966EC /* Project object */;
}
